// !$*UTF8*$!
{
	archiveVersion = 1;
	classes = {
	};
	objectVersion = 55;
	objects = {

/* Begin PBXBuildFile section */
		6316F84127D0675D00FBFAEB /* AppDelegate.swift in Sources */ = {isa = PBXBuildFile; fileRef = 6316F84027D0675D00FBFAEB /* AppDelegate.swift */; };
		6316F84327D0675D00FBFAEB /* SceneDelegate.swift in Sources */ = {isa = PBXBuildFile; fileRef = 6316F84227D0675D00FBFAEB /* SceneDelegate.swift */; };
		6316F84527D0675D00FBFAEB /* RouterViewController.swift in Sources */ = {isa = PBXBuildFile; fileRef = 6316F84427D0675D00FBFAEB /* RouterViewController.swift */; };
		6316F84A27D0675F00FBFAEB /* Assets.xcassets in Resources */ = {isa = PBXBuildFile; fileRef = 6316F84927D0675F00FBFAEB /* Assets.xcassets */; };
		6316F84D27D0675F00FBFAEB /* LaunchScreen.storyboard in Resources */ = {isa = PBXBuildFile; fileRef = 6316F84B27D0675F00FBFAEB /* LaunchScreen.storyboard */; };
		6316F85827D0675F00FBFAEB /* MyTestsAppTests.swift in Sources */ = {isa = PBXBuildFile; fileRef = 6316F85727D0675F00FBFAEB /* MyTestsAppTests.swift */; };
		6316F86227D0675F00FBFAEB /* MyTestsAppUITests.swift in Sources */ = {isa = PBXBuildFile; fileRef = 6316F86127D0675F00FBFAEB /* MyTestsAppUITests.swift */; };
		6316F86427D0675F00FBFAEB /* MyTestsAppUITestsLaunchTests.swift in Sources */ = {isa = PBXBuildFile; fileRef = 6316F86327D0675F00FBFAEB /* MyTestsAppUITestsLaunchTests.swift */; };
		634C670327D89A3D00C4A59D /* CustomNavigationController.swift in Sources */ = {isa = PBXBuildFile; fileRef = 634C670227D89A3D00C4A59D /* CustomNavigationController.swift */; };
		634C670627D89B9C00C4A59D /* UIColor+Hex.swift in Sources */ = {isa = PBXBuildFile; fileRef = 634C670527D89B9C00C4A59D /* UIColor+Hex.swift */; };
		634C670C27D8A29D00C4A59D /* TextViewTestController.swift in Sources */ = {isa = PBXBuildFile; fileRef = 634C670B27D8A29D00C4A59D /* TextViewTestController.swift */; };
		634C671227D8B01800C4A59D /* String+TextSize.swift in Sources */ = {isa = PBXBuildFile; fileRef = 634C670D27D8B01800C4A59D /* String+TextSize.swift */; };
		634C671327D8B01800C4A59D /* UIView+ImageNamed.swift in Sources */ = {isa = PBXBuildFile; fileRef = 634C670E27D8B01800C4A59D /* UIView+ImageNamed.swift */; };
		634C671427D8B01800C4A59D /* UIImage+makeForTest.swift in Sources */ = {isa = PBXBuildFile; fileRef = 634C670F27D8B01800C4A59D /* UIImage+makeForTest.swift */; };
		634C671527D8B01800C4A59D /* UIView+Constraints.swift in Sources */ = {isa = PBXBuildFile; fileRef = 634C671027D8B01800C4A59D /* UIView+Constraints.swift */; };
		634C671627D8B01800C4A59D /* UITableView+Dequeueing.swift in Sources */ = {isa = PBXBuildFile; fileRef = 634C671127D8B01800C4A59D /* UITableView+Dequeueing.swift */; };
		634C671827D9CA3F00C4A59D /* CustomTextInputView.swift in Sources */ = {isa = PBXBuildFile; fileRef = 634C671727D9CA3F00C4A59D /* CustomTextInputView.swift */; };
		634C671A27D9D2C300C4A59D /* UIConstants.swift in Sources */ = {isa = PBXBuildFile; fileRef = 634C671927D9D2C300C4A59D /* UIConstants.swift */; };
		63B011D827DC395200A7854B /* BeautifulColorVC.swift in Sources */ = {isa = PBXBuildFile; fileRef = 63B011D727DC395200A7854B /* BeautifulColorVC.swift */; };
		63B011DB27DC3DA000A7854B /* CustomColor.swift in Sources */ = {isa = PBXBuildFile; fileRef = 63B011DA27DC3DA000A7854B /* CustomColor.swift */; };
		63B011DE27DC7BD600A7854B /* GestureTestViewController.swift in Sources */ = {isa = PBXBuildFile; fileRef = 63B011DD27DC7BD600A7854B /* GestureTestViewController.swift */; };
/* End PBXBuildFile section */

/* Begin PBXContainerItemProxy section */
		6316F85427D0675F00FBFAEB /* PBXContainerItemProxy */ = {
			isa = PBXContainerItemProxy;
			containerPortal = 6316F83527D0675D00FBFAEB /* Project object */;
			proxyType = 1;
			remoteGlobalIDString = 6316F83C27D0675D00FBFAEB;
			remoteInfo = MyTestsApp;
		};
		6316F85E27D0675F00FBFAEB /* PBXContainerItemProxy */ = {
			isa = PBXContainerItemProxy;
			containerPortal = 6316F83527D0675D00FBFAEB /* Project object */;
			proxyType = 1;
			remoteGlobalIDString = 6316F83C27D0675D00FBFAEB;
			remoteInfo = MyTestsApp;
		};
/* End PBXContainerItemProxy section */

/* Begin PBXFileReference section */
		6316F83D27D0675D00FBFAEB /* MyTestsApp.app */ = {isa = PBXFileReference; explicitFileType = wrapper.application; includeInIndex = 0; path = MyTestsApp.app; sourceTree = BUILT_PRODUCTS_DIR; };
		6316F84027D0675D00FBFAEB /* AppDelegate.swift */ = {isa = PBXFileReference; lastKnownFileType = sourcecode.swift; path = AppDelegate.swift; sourceTree = "<group>"; };
		6316F84227D0675D00FBFAEB /* SceneDelegate.swift */ = {isa = PBXFileReference; lastKnownFileType = sourcecode.swift; path = SceneDelegate.swift; sourceTree = "<group>"; };
		6316F84427D0675D00FBFAEB /* RouterViewController.swift */ = {isa = PBXFileReference; lastKnownFileType = sourcecode.swift; path = RouterViewController.swift; sourceTree = "<group>"; };
		6316F84927D0675F00FBFAEB /* Assets.xcassets */ = {isa = PBXFileReference; lastKnownFileType = folder.assetcatalog; path = Assets.xcassets; sourceTree = "<group>"; };
		6316F84C27D0675F00FBFAEB /* Base */ = {isa = PBXFileReference; lastKnownFileType = file.storyboard; name = Base; path = Base.lproj/LaunchScreen.storyboard; sourceTree = "<group>"; };
		6316F84E27D0675F00FBFAEB /* Info.plist */ = {isa = PBXFileReference; lastKnownFileType = text.plist.xml; path = Info.plist; sourceTree = "<group>"; };
		6316F85327D0675F00FBFAEB /* MyTestsAppTests.xctest */ = {isa = PBXFileReference; explicitFileType = wrapper.cfbundle; includeInIndex = 0; path = MyTestsAppTests.xctest; sourceTree = BUILT_PRODUCTS_DIR; };
		6316F85727D0675F00FBFAEB /* MyTestsAppTests.swift */ = {isa = PBXFileReference; lastKnownFileType = sourcecode.swift; path = MyTestsAppTests.swift; sourceTree = "<group>"; };
		6316F85D27D0675F00FBFAEB /* MyTestsAppUITests.xctest */ = {isa = PBXFileReference; explicitFileType = wrapper.cfbundle; includeInIndex = 0; path = MyTestsAppUITests.xctest; sourceTree = BUILT_PRODUCTS_DIR; };
		6316F86127D0675F00FBFAEB /* MyTestsAppUITests.swift */ = {isa = PBXFileReference; lastKnownFileType = sourcecode.swift; path = MyTestsAppUITests.swift; sourceTree = "<group>"; };
		6316F86327D0675F00FBFAEB /* MyTestsAppUITestsLaunchTests.swift */ = {isa = PBXFileReference; lastKnownFileType = sourcecode.swift; path = MyTestsAppUITestsLaunchTests.swift; sourceTree = "<group>"; };
		634C670227D89A3D00C4A59D /* CustomNavigationController.swift */ = {isa = PBXFileReference; lastKnownFileType = sourcecode.swift; path = CustomNavigationController.swift; sourceTree = "<group>"; };
		634C670527D89B9C00C4A59D /* UIColor+Hex.swift */ = {isa = PBXFileReference; lastKnownFileType = sourcecode.swift; path = "UIColor+Hex.swift"; sourceTree = "<group>"; };
		634C670B27D8A29D00C4A59D /* TextViewTestController.swift */ = {isa = PBXFileReference; lastKnownFileType = sourcecode.swift; path = TextViewTestController.swift; sourceTree = "<group>"; };
		634C670D27D8B01800C4A59D /* String+TextSize.swift */ = {isa = PBXFileReference; fileEncoding = 4; lastKnownFileType = sourcecode.swift; path = "String+TextSize.swift"; sourceTree = "<group>"; };
		634C670E27D8B01800C4A59D /* UIView+ImageNamed.swift */ = {isa = PBXFileReference; fileEncoding = 4; lastKnownFileType = sourcecode.swift; path = "UIView+ImageNamed.swift"; sourceTree = "<group>"; };
		634C670F27D8B01800C4A59D /* UIImage+makeForTest.swift */ = {isa = PBXFileReference; fileEncoding = 4; lastKnownFileType = sourcecode.swift; path = "UIImage+makeForTest.swift"; sourceTree = "<group>"; };
		634C671027D8B01800C4A59D /* UIView+Constraints.swift */ = {isa = PBXFileReference; fileEncoding = 4; lastKnownFileType = sourcecode.swift; path = "UIView+Constraints.swift"; sourceTree = "<group>"; };
		634C671127D8B01800C4A59D /* UITableView+Dequeueing.swift */ = {isa = PBXFileReference; fileEncoding = 4; lastKnownFileType = sourcecode.swift; path = "UITableView+Dequeueing.swift"; sourceTree = "<group>"; };
		634C671727D9CA3F00C4A59D /* CustomTextInputView.swift */ = {isa = PBXFileReference; lastKnownFileType = sourcecode.swift; path = CustomTextInputView.swift; sourceTree = "<group>"; };
		634C671927D9D2C300C4A59D /* UIConstants.swift */ = {isa = PBXFileReference; lastKnownFileType = sourcecode.swift; path = UIConstants.swift; sourceTree = "<group>"; };
		63B011D727DC395200A7854B /* BeautifulColorVC.swift */ = {isa = PBXFileReference; lastKnownFileType = sourcecode.swift; path = BeautifulColorVC.swift; sourceTree = "<group>"; };
		63B011DA27DC3DA000A7854B /* CustomColor.swift */ = {isa = PBXFileReference; lastKnownFileType = sourcecode.swift; path = CustomColor.swift; sourceTree = "<group>"; };
		63B011DD27DC7BD600A7854B /* GestureTestViewController.swift */ = {isa = PBXFileReference; lastKnownFileType = sourcecode.swift; path = GestureTestViewController.swift; sourceTree = "<group>"; };
/* End PBXFileReference section */

/* Begin PBXFrameworksBuildPhase section */
		6316F83A27D0675D00FBFAEB /* Frameworks */ = {
			isa = PBXFrameworksBuildPhase;
			buildActionMask = 2147483647;
			files = (
			);
			runOnlyForDeploymentPostprocessing = 0;
		};
		6316F85027D0675F00FBFAEB /* Frameworks */ = {
			isa = PBXFrameworksBuildPhase;
			buildActionMask = 2147483647;
			files = (
			);
			runOnlyForDeploymentPostprocessing = 0;
		};
		6316F85A27D0675F00FBFAEB /* Frameworks */ = {
			isa = PBXFrameworksBuildPhase;
			buildActionMask = 2147483647;
			files = (
			);
			runOnlyForDeploymentPostprocessing = 0;
		};
/* End PBXFrameworksBuildPhase section */

/* Begin PBXGroup section */
		6316F83427D0675D00FBFAEB = {
			isa = PBXGroup;
			children = (
				6316F83F27D0675D00FBFAEB /* MyTestsApp */,
				6316F85627D0675F00FBFAEB /* MyTestsAppTests */,
				6316F86027D0675F00FBFAEB /* MyTestsAppUITests */,
				6316F83E27D0675D00FBFAEB /* Products */,
			);
			sourceTree = "<group>";
		};
		6316F83E27D0675D00FBFAEB /* Products */ = {
			isa = PBXGroup;
			children = (
				6316F83D27D0675D00FBFAEB /* MyTestsApp.app */,
				6316F85327D0675F00FBFAEB /* MyTestsAppTests.xctest */,
				6316F85D27D0675F00FBFAEB /* MyTestsAppUITests.xctest */,
			);
			name = Products;
			sourceTree = "<group>";
		};
		6316F83F27D0675D00FBFAEB /* MyTestsApp */ = {
			isa = PBXGroup;
			children = (
				63B011DC27DC7BBC00A7854B /* Gestures */,
				634C670827D8A1B500C4A59D /* Router & Navigation */,
				63B011D927DC3D8D00A7854B /* Beautiful Color */,
				634C671B27D9D99F00C4A59D /* TextView */,
				634C670427D89B8900C4A59D /* UI+Extensions */,
				634C670727D8A19B00C4A59D /* AppFiles */,
				6316F84927D0675F00FBFAEB /* Assets.xcassets */,
				6316F84E27D0675F00FBFAEB /* Info.plist */,
			);
			path = MyTestsApp;
			sourceTree = "<group>";
		};
		6316F85627D0675F00FBFAEB /* MyTestsAppTests */ = {
			isa = PBXGroup;
			children = (
				6316F85727D0675F00FBFAEB /* MyTestsAppTests.swift */,
			);
			path = MyTestsAppTests;
			sourceTree = "<group>";
		};
		6316F86027D0675F00FBFAEB /* MyTestsAppUITests */ = {
			isa = PBXGroup;
			children = (
				6316F86127D0675F00FBFAEB /* MyTestsAppUITests.swift */,
				6316F86327D0675F00FBFAEB /* MyTestsAppUITestsLaunchTests.swift */,
			);
			path = MyTestsAppUITests;
			sourceTree = "<group>";
		};
		634C670427D89B8900C4A59D /* UI+Extensions */ = {
			isa = PBXGroup;
			children = (
				634C670D27D8B01800C4A59D /* String+TextSize.swift */,
				634C670F27D8B01800C4A59D /* UIImage+makeForTest.swift */,
				634C671127D8B01800C4A59D /* UITableView+Dequeueing.swift */,
				634C671027D8B01800C4A59D /* UIView+Constraints.swift */,
				634C670E27D8B01800C4A59D /* UIView+ImageNamed.swift */,
				634C670527D89B9C00C4A59D /* UIColor+Hex.swift */,
				634C671927D9D2C300C4A59D /* UIConstants.swift */,
			);
			path = "UI+Extensions";
			sourceTree = "<group>";
		};
		634C670727D8A19B00C4A59D /* AppFiles */ = {
			isa = PBXGroup;
			children = (
				6316F84027D0675D00FBFAEB /* AppDelegate.swift */,
				6316F84227D0675D00FBFAEB /* SceneDelegate.swift */,
				6316F84B27D0675F00FBFAEB /* LaunchScreen.storyboard */,
			);
			path = AppFiles;
			sourceTree = "<group>";
		};
		634C670827D8A1B500C4A59D /* Router & Navigation */ = {
			isa = PBXGroup;
			children = (
				634C670227D89A3D00C4A59D /* CustomNavigationController.swift */,
				6316F84427D0675D00FBFAEB /* RouterViewController.swift */,
			);
			path = "Router & Navigation";
			sourceTree = "<group>";
		};
		634C671B27D9D99F00C4A59D /* TextView */ = {
			isa = PBXGroup;
			children = (
				634C670B27D8A29D00C4A59D /* TextViewTestController.swift */,
				634C671727D9CA3F00C4A59D /* CustomTextInputView.swift */,
			);
			path = TextView;
			sourceTree = "<group>";
		};
		63B011D927DC3D8D00A7854B /* Beautiful Color */ = {
			isa = PBXGroup;
			children = (
				63B011D727DC395200A7854B /* BeautifulColorVC.swift */,
				63B011DA27DC3DA000A7854B /* CustomColor.swift */,
			);
			path = "Beautiful Color";
			sourceTree = "<group>";
		};
		63B011DC27DC7BBC00A7854B /* Gestures */ = {
			isa = PBXGroup;
			children = (
				63B011DD27DC7BD600A7854B /* GestureTestViewController.swift */,
			);
			path = Gestures;
			sourceTree = "<group>";
		};
/* End PBXGroup section */

/* Begin PBXNativeTarget section */
		6316F83C27D0675D00FBFAEB /* MyTestsApp */ = {
			isa = PBXNativeTarget;
			buildConfigurationList = 6316F86727D0675F00FBFAEB /* Build configuration list for PBXNativeTarget "MyTestsApp" */;
			buildPhases = (
				6316F83927D0675D00FBFAEB /* Sources */,
				6316F83A27D0675D00FBFAEB /* Frameworks */,
				6316F83B27D0675D00FBFAEB /* Resources */,
			);
			buildRules = (
			);
			dependencies = (
			);
			name = MyTestsApp;
			productName = MyTestsApp;
			productReference = 6316F83D27D0675D00FBFAEB /* MyTestsApp.app */;
			productType = "com.apple.product-type.application";
		};
		6316F85227D0675F00FBFAEB /* MyTestsAppTests */ = {
			isa = PBXNativeTarget;
			buildConfigurationList = 6316F86A27D0675F00FBFAEB /* Build configuration list for PBXNativeTarget "MyTestsAppTests" */;
			buildPhases = (
				6316F84F27D0675F00FBFAEB /* Sources */,
				6316F85027D0675F00FBFAEB /* Frameworks */,
				6316F85127D0675F00FBFAEB /* Resources */,
			);
			buildRules = (
			);
			dependencies = (
				6316F85527D0675F00FBFAEB /* PBXTargetDependency */,
			);
			name = MyTestsAppTests;
			productName = MyTestsAppTests;
			productReference = 6316F85327D0675F00FBFAEB /* MyTestsAppTests.xctest */;
			productType = "com.apple.product-type.bundle.unit-test";
		};
		6316F85C27D0675F00FBFAEB /* MyTestsAppUITests */ = {
			isa = PBXNativeTarget;
			buildConfigurationList = 6316F86D27D0675F00FBFAEB /* Build configuration list for PBXNativeTarget "MyTestsAppUITests" */;
			buildPhases = (
				6316F85927D0675F00FBFAEB /* Sources */,
				6316F85A27D0675F00FBFAEB /* Frameworks */,
				6316F85B27D0675F00FBFAEB /* Resources */,
			);
			buildRules = (
			);
			dependencies = (
				6316F85F27D0675F00FBFAEB /* PBXTargetDependency */,
			);
			name = MyTestsAppUITests;
			productName = MyTestsAppUITests;
			productReference = 6316F85D27D0675F00FBFAEB /* MyTestsAppUITests.xctest */;
			productType = "com.apple.product-type.bundle.ui-testing";
		};
/* End PBXNativeTarget section */

/* Begin PBXProject section */
		6316F83527D0675D00FBFAEB /* Project object */ = {
			isa = PBXProject;
			attributes = {
				BuildIndependentTargetsInParallel = 1;
				LastSwiftUpdateCheck = 1320;
				LastUpgradeCheck = 1320;
				TargetAttributes = {
					6316F83C27D0675D00FBFAEB = {
						CreatedOnToolsVersion = 13.2.1;
					};
					6316F85227D0675F00FBFAEB = {
						CreatedOnToolsVersion = 13.2.1;
						TestTargetID = 6316F83C27D0675D00FBFAEB;
					};
					6316F85C27D0675F00FBFAEB = {
						CreatedOnToolsVersion = 13.2.1;
						TestTargetID = 6316F83C27D0675D00FBFAEB;
					};
				};
			};
			buildConfigurationList = 6316F83827D0675D00FBFAEB /* Build configuration list for PBXProject "MyTestsApp" */;
			compatibilityVersion = "Xcode 13.0";
			developmentRegion = en;
			hasScannedForEncodings = 0;
			knownRegions = (
				en,
				Base,
			);
			mainGroup = 6316F83427D0675D00FBFAEB;
			productRefGroup = 6316F83E27D0675D00FBFAEB /* Products */;
			projectDirPath = "";
			projectRoot = "";
			targets = (
				6316F83C27D0675D00FBFAEB /* MyTestsApp */,
				6316F85227D0675F00FBFAEB /* MyTestsAppTests */,
				6316F85C27D0675F00FBFAEB /* MyTestsAppUITests */,
			);
		};
/* End PBXProject section */

/* Begin PBXResourcesBuildPhase section */
		6316F83B27D0675D00FBFAEB /* Resources */ = {
			isa = PBXResourcesBuildPhase;
			buildActionMask = 2147483647;
			files = (
				6316F84D27D0675F00FBFAEB /* LaunchScreen.storyboard in Resources */,
				6316F84A27D0675F00FBFAEB /* Assets.xcassets in Resources */,
			);
			runOnlyForDeploymentPostprocessing = 0;
		};
		6316F85127D0675F00FBFAEB /* Resources */ = {
			isa = PBXResourcesBuildPhase;
			buildActionMask = 2147483647;
			files = (
			);
			runOnlyForDeploymentPostprocessing = 0;
		};
		6316F85B27D0675F00FBFAEB /* Resources */ = {
			isa = PBXResourcesBuildPhase;
			buildActionMask = 2147483647;
			files = (
			);
			runOnlyForDeploymentPostprocessing = 0;
		};
/* End PBXResourcesBuildPhase section */

/* Begin PBXSourcesBuildPhase section */
		6316F83927D0675D00FBFAEB /* Sources */ = {
			isa = PBXSourcesBuildPhase;
			buildActionMask = 2147483647;
			files = (
				634C670327D89A3D00C4A59D /* CustomNavigationController.swift in Sources */,
				6316F84527D0675D00FBFAEB /* RouterViewController.swift in Sources */,
				63B011D827DC395200A7854B /* BeautifulColorVC.swift in Sources */,
				634C671827D9CA3F00C4A59D /* CustomTextInputView.swift in Sources */,
				6316F84127D0675D00FBFAEB /* AppDelegate.swift in Sources */,
				634C670C27D8A29D00C4A59D /* TextViewTestController.swift in Sources */,
				634C671A27D9D2C300C4A59D /* UIConstants.swift in Sources */,
				6316F84327D0675D00FBFAEB /* SceneDelegate.swift in Sources */,
				63B011DE27DC7BD600A7854B /* GestureTestViewController.swift in Sources */,
				63B011DB27DC3DA000A7854B /* CustomColor.swift in Sources */,
				634C671427D8B01800C4A59D /* UIImage+makeForTest.swift in Sources */,
				634C670627D89B9C00C4A59D /* UIColor+Hex.swift in Sources */,
				634C671627D8B01800C4A59D /* UITableView+Dequeueing.swift in Sources */,
				634C671527D8B01800C4A59D /* UIView+Constraints.swift in Sources */,
				634C671327D8B01800C4A59D /* UIView+ImageNamed.swift in Sources */,
				634C671227D8B01800C4A59D /* String+TextSize.swift in Sources */,
			);
			runOnlyForDeploymentPostprocessing = 0;
		};
		6316F84F27D0675F00FBFAEB /* Sources */ = {
			isa = PBXSourcesBuildPhase;
			buildActionMask = 2147483647;
			files = (
				6316F85827D0675F00FBFAEB /* MyTestsAppTests.swift in Sources */,
			);
			runOnlyForDeploymentPostprocessing = 0;
		};
		6316F85927D0675F00FBFAEB /* Sources */ = {
			isa = PBXSourcesBuildPhase;
			buildActionMask = 2147483647;
			files = (
				6316F86427D0675F00FBFAEB /* MyTestsAppUITestsLaunchTests.swift in Sources */,
				6316F86227D0675F00FBFAEB /* MyTestsAppUITests.swift in Sources */,
			);
			runOnlyForDeploymentPostprocessing = 0;
		};
/* End PBXSourcesBuildPhase section */

/* Begin PBXTargetDependency section */
		6316F85527D0675F00FBFAEB /* PBXTargetDependency */ = {
			isa = PBXTargetDependency;
			target = 6316F83C27D0675D00FBFAEB /* MyTestsApp */;
			targetProxy = 6316F85427D0675F00FBFAEB /* PBXContainerItemProxy */;
		};
		6316F85F27D0675F00FBFAEB /* PBXTargetDependency */ = {
			isa = PBXTargetDependency;
			target = 6316F83C27D0675D00FBFAEB /* MyTestsApp */;
			targetProxy = 6316F85E27D0675F00FBFAEB /* PBXContainerItemProxy */;
		};
/* End PBXTargetDependency section */

/* Begin PBXVariantGroup section */
		6316F84B27D0675F00FBFAEB /* LaunchScreen.storyboard */ = {
			isa = PBXVariantGroup;
			children = (
				6316F84C27D0675F00FBFAEB /* Base */,
			);
			name = LaunchScreen.storyboard;
			sourceTree = "<group>";
		};
/* End PBXVariantGroup section */

/* Begin XCBuildConfiguration section */
		6316F86527D0675F00FBFAEB /* Debug */ = {
			isa = XCBuildConfiguration;
			buildSettings = {
				ALWAYS_SEARCH_USER_PATHS = NO;
				CLANG_ANALYZER_NONNULL = YES;
				CLANG_ANALYZER_NUMBER_OBJECT_CONVERSION = YES_AGGRESSIVE;
				CLANG_CXX_LANGUAGE_STANDARD = "gnu++17";
				CLANG_CXX_LIBRARY = "libc++";
				CLANG_ENABLE_MODULES = YES;
				CLANG_ENABLE_OBJC_ARC = YES;
				CLANG_ENABLE_OBJC_WEAK = YES;
				CLANG_WARN_BLOCK_CAPTURE_AUTORELEASING = YES;
				CLANG_WARN_BOOL_CONVERSION = YES;
				CLANG_WARN_COMMA = YES;
				CLANG_WARN_CONSTANT_CONVERSION = YES;
				CLANG_WARN_DEPRECATED_OBJC_IMPLEMENTATIONS = YES;
				CLANG_WARN_DIRECT_OBJC_ISA_USAGE = YES_ERROR;
				CLANG_WARN_DOCUMENTATION_COMMENTS = YES;
				CLANG_WARN_EMPTY_BODY = YES;
				CLANG_WARN_ENUM_CONVERSION = YES;
				CLANG_WARN_INFINITE_RECURSION = YES;
				CLANG_WARN_INT_CONVERSION = YES;
				CLANG_WARN_NON_LITERAL_NULL_CONVERSION = YES;
				CLANG_WARN_OBJC_IMPLICIT_RETAIN_SELF = YES;
				CLANG_WARN_OBJC_LITERAL_CONVERSION = YES;
				CLANG_WARN_OBJC_ROOT_CLASS = YES_ERROR;
				CLANG_WARN_QUOTED_INCLUDE_IN_FRAMEWORK_HEADER = YES;
				CLANG_WARN_RANGE_LOOP_ANALYSIS = YES;
				CLANG_WARN_STRICT_PROTOTYPES = YES;
				CLANG_WARN_SUSPICIOUS_MOVE = YES;
				CLANG_WARN_UNGUARDED_AVAILABILITY = YES_AGGRESSIVE;
				CLANG_WARN_UNREACHABLE_CODE = YES;
				CLANG_WARN__DUPLICATE_METHOD_MATCH = YES;
				COPY_PHASE_STRIP = NO;
				DEBUG_INFORMATION_FORMAT = dwarf;
				ENABLE_STRICT_OBJC_MSGSEND = YES;
				ENABLE_TESTABILITY = YES;
				GCC_C_LANGUAGE_STANDARD = gnu11;
				GCC_DYNAMIC_NO_PIC = NO;
				GCC_NO_COMMON_BLOCKS = YES;
				GCC_OPTIMIZATION_LEVEL = 0;
				GCC_PREPROCESSOR_DEFINITIONS = (
					"DEBUG=1",
					"$(inherited)",
				);
				GCC_WARN_64_TO_32_BIT_CONVERSION = YES;
				GCC_WARN_ABOUT_RETURN_TYPE = YES_ERROR;
				GCC_WARN_UNDECLARED_SELECTOR = YES;
				GCC_WARN_UNINITIALIZED_AUTOS = YES_AGGRESSIVE;
				GCC_WARN_UNUSED_FUNCTION = YES;
				GCC_WARN_UNUSED_VARIABLE = YES;
				IPHONEOS_DEPLOYMENT_TARGET = 14.0;
				MTL_ENABLE_DEBUG_INFO = INCLUDE_SOURCE;
				MTL_FAST_MATH = YES;
				ONLY_ACTIVE_ARCH = YES;
				SDKROOT = iphoneos;
				SWIFT_ACTIVE_COMPILATION_CONDITIONS = DEBUG;
				SWIFT_OPTIMIZATION_LEVEL = "-Onone";
			};
			name = Debug;
		};
		6316F86627D0675F00FBFAEB /* Release */ = {
			isa = XCBuildConfiguration;
			buildSettings = {
				ALWAYS_SEARCH_USER_PATHS = NO;
				CLANG_ANALYZER_NONNULL = YES;
				CLANG_ANALYZER_NUMBER_OBJECT_CONVERSION = YES_AGGRESSIVE;
				CLANG_CXX_LANGUAGE_STANDARD = "gnu++17";
				CLANG_CXX_LIBRARY = "libc++";
				CLANG_ENABLE_MODULES = YES;
				CLANG_ENABLE_OBJC_ARC = YES;
				CLANG_ENABLE_OBJC_WEAK = YES;
				CLANG_WARN_BLOCK_CAPTURE_AUTORELEASING = YES;
				CLANG_WARN_BOOL_CONVERSION = YES;
				CLANG_WARN_COMMA = YES;
				CLANG_WARN_CONSTANT_CONVERSION = YES;
				CLANG_WARN_DEPRECATED_OBJC_IMPLEMENTATIONS = YES;
				CLANG_WARN_DIRECT_OBJC_ISA_USAGE = YES_ERROR;
				CLANG_WARN_DOCUMENTATION_COMMENTS = YES;
				CLANG_WARN_EMPTY_BODY = YES;
				CLANG_WARN_ENUM_CONVERSION = YES;
				CLANG_WARN_INFINITE_RECURSION = YES;
				CLANG_WARN_INT_CONVERSION = YES;
				CLANG_WARN_NON_LITERAL_NULL_CONVERSION = YES;
				CLANG_WARN_OBJC_IMPLICIT_RETAIN_SELF = YES;
				CLANG_WARN_OBJC_LITERAL_CONVERSION = YES;
				CLANG_WARN_OBJC_ROOT_CLASS = YES_ERROR;
				CLANG_WARN_QUOTED_INCLUDE_IN_FRAMEWORK_HEADER = YES;
				CLANG_WARN_RANGE_LOOP_ANALYSIS = YES;
				CLANG_WARN_STRICT_PROTOTYPES = YES;
				CLANG_WARN_SUSPICIOUS_MOVE = YES;
				CLANG_WARN_UNGUARDED_AVAILABILITY = YES_AGGRESSIVE;
				CLANG_WARN_UNREACHABLE_CODE = YES;
				CLANG_WARN__DUPLICATE_METHOD_MATCH = YES;
				COPY_PHASE_STRIP = NO;
				DEBUG_INFORMATION_FORMAT = "dwarf-with-dsym";
				ENABLE_NS_ASSERTIONS = NO;
				ENABLE_STRICT_OBJC_MSGSEND = YES;
				GCC_C_LANGUAGE_STANDARD = gnu11;
				GCC_NO_COMMON_BLOCKS = YES;
				GCC_WARN_64_TO_32_BIT_CONVERSION = YES;
				GCC_WARN_ABOUT_RETURN_TYPE = YES_ERROR;
				GCC_WARN_UNDECLARED_SELECTOR = YES;
				GCC_WARN_UNINITIALIZED_AUTOS = YES_AGGRESSIVE;
				GCC_WARN_UNUSED_FUNCTION = YES;
				GCC_WARN_UNUSED_VARIABLE = YES;
				IPHONEOS_DEPLOYMENT_TARGET = 14.0;
				MTL_ENABLE_DEBUG_INFO = NO;
				MTL_FAST_MATH = YES;
				SDKROOT = iphoneos;
				SWIFT_COMPILATION_MODE = wholemodule;
				SWIFT_OPTIMIZATION_LEVEL = "-O";
				VALIDATE_PRODUCT = YES;
			};
			name = Release;
		};
		6316F86827D0675F00FBFAEB /* Debug */ = {
			isa = XCBuildConfiguration;
			buildSettings = {
				ASSETCATALOG_COMPILER_APPICON_NAME = AppIcon;
				ASSETCATALOG_COMPILER_GLOBAL_ACCENT_COLOR_NAME = AccentColor;
				CODE_SIGN_STYLE = Automatic;
				CURRENT_PROJECT_VERSION = 1;
				DEVELOPMENT_TEAM = 8FGB267UHN;
				GENERATE_INFOPLIST_FILE = YES;
				INFOPLIST_FILE = MyTestsApp/Info.plist;
				INFOPLIST_KEY_UIApplicationSupportsIndirectInputEvents = YES;
				INFOPLIST_KEY_UILaunchStoryboardName = LaunchScreen;
				INFOPLIST_KEY_UISupportedInterfaceOrientations = UIInterfaceOrientationPortrait;
				INFOPLIST_KEY_UISupportedInterfaceOrientations_iPad = "UIInterfaceOrientationPortrait UIInterfaceOrientationPortraitUpsideDown UIInterfaceOrientationLandscapeLeft UIInterfaceOrientationLandscapeRight";
				INFOPLIST_KEY_UISupportedInterfaceOrientations_iPhone = "UIInterfaceOrientationPortrait UIInterfaceOrientationLandscapeLeft UIInterfaceOrientationLandscapeRight";
				IPHONEOS_DEPLOYMENT_TARGET = 14.0;
				LD_RUNPATH_SEARCH_PATHS = (
					"$(inherited)",
					"@executable_path/Frameworks",
				);
				MARKETING_VERSION = 1.0;
				PRODUCT_BUNDLE_IDENTIFIER = com.etsme.MyTestsApp;
				PRODUCT_NAME = "$(TARGET_NAME)";
				SWIFT_EMIT_LOC_STRINGS = YES;
				SWIFT_VERSION = 5.0;
				TARGETED_DEVICE_FAMILY = 1;
			};
			name = Debug;
		};
		6316F86927D0675F00FBFAEB /* Release */ = {
			isa = XCBuildConfiguration;
			buildSettings = {
				ASSETCATALOG_COMPILER_APPICON_NAME = AppIcon;
				ASSETCATALOG_COMPILER_GLOBAL_ACCENT_COLOR_NAME = AccentColor;
				CODE_SIGN_STYLE = Automatic;
				CURRENT_PROJECT_VERSION = 1;
				DEVELOPMENT_TEAM = 8FGB267UHN;
				GENERATE_INFOPLIST_FILE = YES;
				INFOPLIST_FILE = MyTestsApp/Info.plist;
				INFOPLIST_KEY_UIApplicationSupportsIndirectInputEvents = YES;
				INFOPLIST_KEY_UILaunchStoryboardName = LaunchScreen;
				INFOPLIST_KEY_UISupportedInterfaceOrientations = UIInterfaceOrientationPortrait;
				INFOPLIST_KEY_UISupportedInterfaceOrientations_iPad = "UIInterfaceOrientationPortrait UIInterfaceOrientationPortraitUpsideDown UIInterfaceOrientationLandscapeLeft UIInterfaceOrientationLandscapeRight";
				INFOPLIST_KEY_UISupportedInterfaceOrientations_iPhone = "UIInterfaceOrientationPortrait UIInterfaceOrientationLandscapeLeft UIInterfaceOrientationLandscapeRight";
				IPHONEOS_DEPLOYMENT_TARGET = 14.0;
				LD_RUNPATH_SEARCH_PATHS = (
					"$(inherited)",
					"@executable_path/Frameworks",
				);
				MARKETING_VERSION = 1.0;
				PRODUCT_BUNDLE_IDENTIFIER = com.etsme.MyTestsApp;
				PRODUCT_NAME = "$(TARGET_NAME)";
				SWIFT_EMIT_LOC_STRINGS = YES;
				SWIFT_VERSION = 5.0;
				TARGETED_DEVICE_FAMILY = 1;
			};
			name = Release;
		};
		6316F86B27D0675F00FBFAEB /* Debug */ = {
			isa = XCBuildConfiguration;
			buildSettings = {
				ALWAYS_EMBED_SWIFT_STANDARD_LIBRARIES = YES;
				BUNDLE_LOADER = "$(TEST_HOST)";
				CODE_SIGN_STYLE = Automatic;
				CURRENT_PROJECT_VERSION = 1;
				DEVELOPMENT_TEAM = 8FGB267UHN;
				GENERATE_INFOPLIST_FILE = YES;
				IPHONEOS_DEPLOYMENT_TARGET = 15.2;
				MARKETING_VERSION = 1.0;
				PRODUCT_BUNDLE_IDENTIFIER = com.etsme.MyTestsAppTests;
				PRODUCT_NAME = "$(TARGET_NAME)";
				SWIFT_EMIT_LOC_STRINGS = NO;
				SWIFT_VERSION = 5.0;
				TARGETED_DEVICE_FAMILY = "1,2";
				TEST_HOST = "$(BUILT_PRODUCTS_DIR)/MyTestsApp.app/MyTestsApp";
			};
			name = Debug;
		};
		6316F86C27D0675F00FBFAEB /* Release */ = {
			isa = XCBuildConfiguration;
			buildSettings = {
				ALWAYS_EMBED_SWIFT_STANDARD_LIBRARIES = YES;
				BUNDLE_LOADER = "$(TEST_HOST)";
				CODE_SIGN_STYLE = Automatic;
				CURRENT_PROJECT_VERSION = 1;
				DEVELOPMENT_TEAM = 8FGB267UHN;
				GENERATE_INFOPLIST_FILE = YES;
				IPHONEOS_DEPLOYMENT_TARGET = 15.2;
				MARKETING_VERSION = 1.0;
				PRODUCT_BUNDLE_IDENTIFIER = com.etsme.MyTestsAppTests;
				PRODUCT_NAME = "$(TARGET_NAME)";
				SWIFT_EMIT_LOC_STRINGS = NO;
				SWIFT_VERSION = 5.0;
				TARGETED_DEVICE_FAMILY = "1,2";
				TEST_HOST = "$(BUILT_PRODUCTS_DIR)/MyTestsApp.app/MyTestsApp";
			};
			name = Release;
		};
		6316F86E27D0675F00FBFAEB /* Debug */ = {
			isa = XCBuildConfiguration;
			buildSettings = {
				ALWAYS_EMBED_SWIFT_STANDARD_LIBRARIES = YES;
				CODE_SIGN_STYLE = Automatic;
				CURRENT_PROJECT_VERSION = 1;
				DEVELOPMENT_TEAM = 8FGB267UHN;
				GENERATE_INFOPLIST_FILE = YES;
				MARKETING_VERSION = 1.0;
				PRODUCT_BUNDLE_IDENTIFIER = com.etsme.MyTestsAppUITests;
				PRODUCT_NAME = "$(TARGET_NAME)";
				SWIFT_EMIT_LOC_STRINGS = NO;
				SWIFT_VERSION = 5.0;
				TARGETED_DEVICE_FAMILY = "1,2";
				TEST_TARGET_NAME = MyTestsApp;
			};
			name = Debug;
		};
		6316F86F27D0675F00FBFAEB /* Release */ = {
			isa = XCBuildConfiguration;
			buildSettings = {
				ALWAYS_EMBED_SWIFT_STANDARD_LIBRARIES = YES;
				CODE_SIGN_STYLE = Automatic;
				CURRENT_PROJECT_VERSION = 1;
				DEVELOPMENT_TEAM = 8FGB267UHN;
				GENERATE_INFOPLIST_FILE = YES;
				MARKETING_VERSION = 1.0;
				PRODUCT_BUNDLE_IDENTIFIER = com.etsme.MyTestsAppUITests;
				PRODUCT_NAME = "$(TARGET_NAME)";
				SWIFT_EMIT_LOC_STRINGS = NO;
				SWIFT_VERSION = 5.0;
				TARGETED_DEVICE_FAMILY = "1,2";
				TEST_TARGET_NAME = MyTestsApp;
			};
			name = Release;
		};
/* End XCBuildConfiguration section */

/* Begin XCConfigurationList section */
		6316F83827D0675D00FBFAEB /* Build configuration list for PBXProject "MyTestsApp" */ = {
			isa = XCConfigurationList;
			buildConfigurations = (
				6316F86527D0675F00FBFAEB /* Debug */,
				6316F86627D0675F00FBFAEB /* Release */,
			);
			defaultConfigurationIsVisible = 0;
			defaultConfigurationName = Release;
		};
		6316F86727D0675F00FBFAEB /* Build configuration list for PBXNativeTarget "MyTestsApp" */ = {
			isa = XCConfigurationList;
			buildConfigurations = (
				6316F86827D0675F00FBFAEB /* Debug */,
				6316F86927D0675F00FBFAEB /* Release */,
			);
			defaultConfigurationIsVisible = 0;
			defaultConfigurationName = Release;
		};
		6316F86A27D0675F00FBFAEB /* Build configuration list for PBXNativeTarget "MyTestsAppTests" */ = {
			isa = XCConfigurationList;
			buildConfigurations = (
				6316F86B27D0675F00FBFAEB /* Debug */,
				6316F86C27D0675F00FBFAEB /* Release */,
			);
			defaultConfigurationIsVisible = 0;
			defaultConfigurationName = Release;
		};
		6316F86D27D0675F00FBFAEB /* Build configuration list for PBXNativeTarget "MyTestsAppUITests" */ = {
			isa = XCConfigurationList;
			buildConfigurations = (
				6316F86E27D0675F00FBFAEB /* Debug */,
				6316F86F27D0675F00FBFAEB /* Release */,
			);
			defaultConfigurationIsVisible = 0;
			defaultConfigurationName = Release;
		};
/* End XCConfigurationList section */
	};
	rootObject = 6316F83527D0675D00FBFAEB /* Project object */;
}
